// !$*UTF8*$!
{
	archiveVersion = 1;
	classes = {
	};
	objectVersion = 56;
	objects = {

/* Begin PBXBuildFile section */
		AA0000000000000000000001 /* OneMinuteColorApp.swift in Sources */ = {isa = PBXBuildFile; fileRef = BB0000000000000000000002 /* OneMinuteColorApp.swift */; };
		AA0000000000000000000002 /* ContentView.swift in Sources */ = {isa = PBXBuildFile; fileRef = BB0000000000000000000003 /* ContentView.swift */; };
		AA0000000000000000000003 /* Assets.xcassets in Resources */ = {isa = PBXBuildFile; fileRef = BB0000000000000000000004 /* Assets.xcassets */; };
		AA0000000000000000000004 /* Core/ShortcutLinkBuilder.swift in Sources */ = {isa = PBXBuildFile; fileRef = BB0000000000000000000006 /* Core/ShortcutLinkBuilder.swift */; };
		AA0000000000000000000005 /* Core/ShortcutConfiguration.swift in Sources */ = {isa = PBXBuildFile; fileRef = BB0000000000000000000007 /* Core/ShortcutConfiguration.swift */; };
		AA0000000000000000000006 /* Core/ButtonActionHandler.swift in Sources */ = {isa = PBXBuildFile; fileRef = BB0000000000000000000008 /* Core/ButtonActionHandler.swift */; };
		AA0000000000000000000007 /* Intents/StartOneMinuteColorIntent.swift in Sources */ = {isa = PBXBuildFile; fileRef = BB0000000000000000000009 /* Intents/StartOneMinuteColorIntent.swift */; };
		AA0000000000000000000008 /* Intents/OneMinuteColorAppShortcuts.swift in Sources */ = {isa = PBXBuildFile; fileRef = BB000000000000000000000A /* Intents/OneMinuteColorAppShortcuts.swift */; };
		AA0000000000000000000009 /* OneMinuteColorControlBundle.swift in Sources */ = {isa = PBXBuildFile; fileRef = BB000000000000000000000B /* OneMinuteColorControlBundle.swift */; };
		AA000000000000000000000A /* OneMinuteColorControl.swift in Sources */ = {isa = PBXBuildFile; fileRef = BB000000000000000000000C /* OneMinuteColorControl.swift */; };
		AA000000000000000000000B /* OneMinuteColorControl.appex in Embed App Extensions */ = {isa = PBXBuildFile; fileRef = BB000000000000000000000D /* OneMinuteColorControl.appex */; settings = {ATTRIBUTES = (CodeSignOnCopy, RemoveHeadersOnCopy, ); }; };
		AA000000000000000000000C /* Assets.xcassets in Resources */ = {isa = PBXBuildFile; fileRef = BB000000000000000000000F /* Assets.xcassets */; };
/* End PBXBuildFile section */

/* Begin PBXCopyFilesBuildPhase section */
		CC0000000000000000000004 /* Embed App Extensions */ = {
			isa = PBXCopyFilesBuildPhase;
			buildActionMask = 2147483647;
			dstPath = "";
			dstSubfolderSpec = 13;
			files = (
				AA000000000000000000000B /* OneMinuteColorControl.appex in Embed App Extensions */,
			);
			name = "Embed App Extensions";
			runOnlyForDeploymentPostprocessing = 0;
		};
/* End PBXCopyFilesBuildPhase section */

/* Begin PBXContainerItemProxy section */
		990000000000000000000001 /* PBXContainerItemProxy */ = {
			isa = PBXContainerItemProxy;
			containerPortal = EE0000000000000000000001 /* Project object */;
			proxyType = 1;
			remoteGlobalIDString = A1B2C3D4E5F6000000000002;
			remoteInfo = OneMinuteColorControl;
		};
/* End PBXContainerItemProxy section */

/* Begin PBXFileReference section */
		BB0000000000000000000001 /* OneMinuteColor.app */ = {isa = PBXFileReference; explicitFileType = wrapper.application; includeInIndex = 0; path = OneMinuteColor.app; sourceTree = BUILT_PRODUCTS_DIR; };
		BB0000000000000000000002 /* OneMinuteColorApp.swift */ = {isa = PBXFileReference; lastKnownFileType = sourcecode.swift; path = OneMinuteColorApp.swift; sourceTree = "<group>"; };
		BB0000000000000000000003 /* ContentView.swift */ = {isa = PBXFileReference; lastKnownFileType = sourcecode.swift; path = ContentView.swift; sourceTree = "<group>"; };
		BB0000000000000000000004 /* Assets.xcassets */ = {isa = PBXFileReference; lastKnownFileType = folder.assetcatalog; path = Assets.xcassets; sourceTree = "<group>"; };
		BB0000000000000000000005 /* Info.plist */ = {isa = PBXFileReference; lastKnownFileType = text.plist.xml; path = Info.plist; sourceTree = "<group>"; };
		BB0000000000000000000006 /* Core/ShortcutLinkBuilder.swift */ = {isa = PBXFileReference; lastKnownFileType = sourcecode.swift; path = Core/ShortcutLinkBuilder.swift; sourceTree = "<group>"; };
		BB0000000000000000000007 /* Core/ShortcutConfiguration.swift */ = {isa = PBXFileReference; lastKnownFileType = sourcecode.swift; path = Core/ShortcutConfiguration.swift; sourceTree = "<group>"; };
		BB0000000000000000000008 /* Core/ButtonActionHandler.swift */ = {isa = PBXFileReference; lastKnownFileType = sourcecode.swift; path = Core/ButtonActionHandler.swift; sourceTree = "<group>"; };
		BB0000000000000000000009 /* Intents/StartOneMinuteColorIntent.swift */ = {isa = PBXFileReference; lastKnownFileType = sourcecode.swift; path = Intents/StartOneMinuteColorIntent.swift; sourceTree = "<group>"; };
		BB000000000000000000000A /* Intents/OneMinuteColorAppShortcuts.swift */ = {isa = PBXFileReference; lastKnownFileType = sourcecode.swift; path = Intents/OneMinuteColorAppShortcuts.swift; sourceTree = "<group>"; };
		BB000000000000000000000B /* OneMinuteColorControlBundle.swift */ = {isa = PBXFileReference; lastKnownFileType = sourcecode.swift; path = OneMinuteColorControlBundle.swift; sourceTree = "<group>"; };
		BB000000000000000000000C /* OneMinuteColorControl.swift */ = {isa = PBXFileReference; lastKnownFileType = sourcecode.swift; path = OneMinuteColorControl.swift; sourceTree = "<group>"; };
		BB000000000000000000000D /* OneMinuteColorControl.appex */ = {isa = PBXFileReference; explicitFileType = "wrapper.app-extension"; includeInIndex = 0; path = OneMinuteColorControl.appex; sourceTree = BUILT_PRODUCTS_DIR; };
		BB000000000000000000000E /* Info.plist */ = {isa = PBXFileReference; lastKnownFileType = text.plist.xml; path = Info.plist; sourceTree = "<group>"; };
		BB000000000000000000000F /* Assets.xcassets */ = {isa = PBXFileReference; lastKnownFileType = folder.assetcatalog; path = Assets.xcassets; sourceTree = "<group>"; };
/* End PBXFileReference section */

/* Begin PBXFrameworksBuildPhase section */
		CC0000000000000000000001 /* Frameworks */ = {
			isa = PBXFrameworksBuildPhase;
			buildActionMask = 2147483647;
			files = (
			);
			runOnlyForDeploymentPostprocessing = 0;
		};
		CC0000000000000000000006 /* Frameworks */ = {
			isa = PBXFrameworksBuildPhase;
			buildActionMask = 2147483647;
			files = (
			);
			runOnlyForDeploymentPostprocessing = 0;
		};
/* End PBXFrameworksBuildPhase section */

/* Begin PBXGroup section */
		DD0000000000000000000001 = {
			isa = PBXGroup;
			children = (
				DD0000000000000000000002 /* OneMinuteColor */,
				DD0000000000000000000004 /* OneMinuteColorControl */,
				DD0000000000000000000003 /* Products */,
			);
			sourceTree = "<group>";
		};
		DD0000000000000000000002 /* OneMinuteColor */ = {
			isa = PBXGroup;
			children = (
				BB0000000000000000000002 /* OneMinuteColorApp.swift */,
				BB0000000000000000000003 /* ContentView.swift */,
				BB0000000000000000000006 /* Core/ShortcutLinkBuilder.swift */,
				BB0000000000000000000007 /* Core/ShortcutConfiguration.swift */,
				BB0000000000000000000008 /* Core/ButtonActionHandler.swift */,
				BB0000000000000000000009 /* Intents/StartOneMinuteColorIntent.swift */,
				BB000000000000000000000A /* Intents/OneMinuteColorAppShortcuts.swift */,
				BB0000000000000000000004 /* Assets.xcassets */,
				BB0000000000000000000005 /* Info.plist */,
			);
			path = OneMinuteColor;
			sourceTree = "<group>";
		};
		DD0000000000000000000003 /* Products */ = {
			isa = PBXGroup;
			children = (
				BB0000000000000000000001 /* OneMinuteColor.app */,
				BB000000000000000000000D /* OneMinuteColorControl.appex */,
			);
			name = Products;
			sourceTree = "<group>";
		};
		DD0000000000000000000004 /* OneMinuteColorControl */ = {
			isa = PBXGroup;
			children = (
				BB000000000000000000000B /* OneMinuteColorControlBundle.swift */,
				BB000000000000000000000C /* OneMinuteColorControl.swift */,
				BB000000000000000000000F /* Assets.xcassets */,
				BB000000000000000000000E /* Info.plist */,
			);
			path = OneMinuteColorControl;
			sourceTree = "<group>";
		};
/* End PBXGroup section */

/* Begin PBXNativeTarget section */
		A1B2C3D4E5F6000000000001 /* OneMinuteColor */ = {
			isa = PBXNativeTarget;
			buildConfigurationList = 110000000000000000000002 /* Build configuration list for PBXNativeTarget "OneMinuteColor" */;
			buildPhases = (
				CC0000000000000000000003 /* Sources */,
				CC0000000000000000000001 /* Frameworks */,
				CC0000000000000000000002 /* Resources */,
				CC0000000000000000000004 /* Embed App Extensions */,
			);
			buildRules = (
			);
			dependencies = (
				990000000000000000000002 /* PBXTargetDependency */,
			);
			name = OneMinuteColor;
			productName = OneMinuteColor;
			productReference = BB0000000000000000000001 /* OneMinuteColor.app */;
			productType = "com.apple.product-type.application";
		};
		A1B2C3D4E5F6000000000002 /* OneMinuteColorControl */ = {
			isa = PBXNativeTarget;
			buildConfigurationList = 110000000000000000000003 /* Build configuration list for PBXNativeTarget "OneMinuteColorControl" */;
			buildPhases = (
				CC0000000000000000000005 /* Sources */,
				CC0000000000000000000006 /* Frameworks */,
				CC0000000000000000000007 /* Resources */,
			);
			buildRules = (
			);
			dependencies = (
			);
			name = OneMinuteColorControl;
			productName = OneMinuteColorControl;
			productReference = BB000000000000000000000D /* OneMinuteColorControl.appex */;
			productType = "com.apple.product-type.app-extension";
		};
/* End PBXNativeTarget section */

/* Begin PBXProject section */
		EE0000000000000000000001 /* Project object */ = {
			isa = PBXProject;
			attributes = {
				BuildIndependentTargetsInParallel = 1;
				LastSwiftUpdateCheck = 1600;
				LastUpgradeCheck = 1600;
				TargetAttributes = {
					A1B2C3D4E5F6000000000001 = {
						CreatedOnToolsVersion = 16.0;
					};
					A1B2C3D4E5F6000000000002 = {
						CreatedOnToolsVersion = 16.0;
					};
				};
			};
			buildConfigurationList = 110000000000000000000001 /* Build configuration list for PBXProject "OneMinuteColor" */;
			compatibilityVersion = "Xcode 14.0";
			developmentRegion = en;
			hasScannedForEncodings = 0;
			knownRegions = (
				en,
				Base,
			);
			mainGroup = DD0000000000000000000001;
			productRefGroup = DD0000000000000000000003 /* Products */;
			projectDirPath = "";
			projectRoot = "";
			targets = (
				A1B2C3D4E5F6000000000001 /* OneMinuteColor */,
				A1B2C3D4E5F6000000000002 /* OneMinuteColorControl */,
			);
		};
/* End PBXProject section */

/* Begin PBXResourcesBuildPhase section */
		CC0000000000000000000002 /* Resources */ = {
			isa = PBXResourcesBuildPhase;
			buildActionMask = 2147483647;
			files = (
				AA0000000000000000000003 /* Assets.xcassets in Resources */,
			);
			runOnlyForDeploymentPostprocessing = 0;
		};
		CC0000000000000000000007 /* Resources */ = {
			isa = PBXResourcesBuildPhase;
			buildActionMask = 2147483647;
			files = (
				AA000000000000000000000C /* Assets.xcassets in Resources */,
			);
			runOnlyForDeploymentPostprocessing = 0;
		};
/* End PBXResourcesBuildPhase section */

/* Begin PBXSourcesBuildPhase section */
		CC0000000000000000000003 /* Sources */ = {
			isa = PBXSourcesBuildPhase;
			buildActionMask = 2147483647;
			files = (
				AA0000000000000000000001 /* OneMinuteColorApp.swift in Sources */,
				AA0000000000000000000002 /* ContentView.swift in Sources */,
				AA0000000000000000000004 /* Core/ShortcutLinkBuilder.swift in Sources */,
				AA0000000000000000000005 /* Core/ShortcutConfiguration.swift in Sources */,
				AA0000000000000000000006 /* Core/ButtonActionHandler.swift in Sources */,
				AA0000000000000000000007 /* Intents/StartOneMinuteColorIntent.swift in Sources */,
				AA0000000000000000000008 /* Intents/OneMinuteColorAppShortcuts.swift in Sources */,
			);
			runOnlyForDeploymentPostprocessing = 0;
		};
		CC0000000000000000000005 /* Sources */ = {
			isa = PBXSourcesBuildPhase;
			buildActionMask = 2147483647;
			files = (
				AA0000000000000000000009 /* OneMinuteColorControlBundle.swift in Sources */,
				AA000000000000000000000A /* OneMinuteColorControl.swift in Sources */,
			);
			runOnlyForDeploymentPostprocessing = 0;
		};
/* End PBXSourcesBuildPhase section */

/* Begin PBXTargetDependency section */
		990000000000000000000002 /* PBXTargetDependency */ = {
			isa = PBXTargetDependency;
			target = A1B2C3D4E5F6000000000002 /* OneMinuteColorControl */;
			targetProxy = 990000000000000000000001 /* PBXContainerItemProxy */;
		};
/* End PBXTargetDependency section */

/* Begin XCBuildConfiguration section */
		FF0000000000000000000001 /* Debug */ = {
			isa = XCBuildConfiguration;
			buildSettings = {
				ALWAYS_SEARCH_USER_PATHS = NO;
				CLANG_ANALYZER_NONNULL = YES;
				CLANG_ANALYZER_NUMBER_OBJECT_CONVERSION = YES_AGGRESSIVE;
				CLANG_CXX_LANGUAGE_STANDARD = "gnu++20";
				CLANG_ENABLE_MODULES = YES;
				CLANG_ENABLE_OBJC_ARC = YES;
				CLANG_ENABLE_OBJC_WEAK = YES;
				COPY_PHASE_STRIP = NO;
				DEBUG_INFORMATION_FORMAT = dwarf;
				ENABLE_STRICT_OBJC_MSGSEND = YES;
				ENABLE_TESTABILITY = YES;
				GCC_C_LANGUAGE_STANDARD = gnu17;
				GCC_DYNAMIC_NO_PIC = NO;
				GCC_OPTIMIZATION_LEVEL = 0;
				GCC_PREPROCESSOR_DEFINITIONS = (
					"DEBUG=1",
					"$(inherited)",
				);
				GCC_WARN_64_TO_32_BIT_CONVERSION = YES;
				GCC_WARN_ABOUT_RETURN_TYPE = YES_ERROR;
				GCC_WARN_UNDECLARED_SELECTOR = YES;
				GCC_WARN_UNINITIALIZED_AUTOS = YES_AGGRESSIVE;
				GCC_WARN_UNUSED_FUNCTION = YES;
				GCC_WARN_UNUSED_VARIABLE = YES;
				IPHONEOS_DEPLOYMENT_TARGET = 17.0;
				MTL_ENABLE_DEBUG_INFO = INCLUDE_SOURCE;
				MTL_FAST_MATH = YES;
				ONLY_ACTIVE_ARCH = YES;
				SDKROOT = iphoneos;
				SWIFT_ACTIVE_COMPILATION_CONDITIONS = DEBUG;
				SWIFT_OPTIMIZATION_LEVEL = "-Onone";
			};
			name = Debug;
		};
		FF0000000000000000000002 /* Release */ = {
			isa = XCBuildConfiguration;
			buildSettings = {
				ALWAYS_SEARCH_USER_PATHS = NO;
				CLANG_ANALYZER_NONNULL = YES;
				CLANG_ANALYZER_NUMBER_OBJECT_CONVERSION = YES_AGGRESSIVE;
				CLANG_CXX_LANGUAGE_STANDARD = "gnu++20";
				CLANG_ENABLE_MODULES = YES;
				CLANG_ENABLE_OBJC_ARC = YES;
				CLANG_ENABLE_OBJC_WEAK = YES;
				COPY_PHASE_STRIP = NO;
				DEBUG_INFORMATION_FORMAT = "dwarf-with-dsym";
				ENABLE_NS_ASSERTIONS = NO;
				ENABLE_STRICT_OBJC_MSGSEND = YES;
				GCC_C_LANGUAGE_STANDARD = gnu17;
				GCC_NO_COMMON_BLOCKS = YES;
				GCC_WARN_64_TO_32_BIT_CONVERSION = YES;
				GCC_WARN_ABOUT_RETURN_TYPE = YES_ERROR;
				GCC_WARN_UNDECLARED_SELECTOR = YES;
				GCC_WARN_UNINITIALIZED_AUTOS = YES_AGGRESSIVE;
				GCC_WARN_UNUSED_FUNCTION = YES;
				GCC_WARN_UNUSED_VARIABLE = YES;
				IPHONEOS_DEPLOYMENT_TARGET = 17.0;
				MTL_ENABLE_DEBUG_INFO = NO;
				MTL_FAST_MATH = YES;
				SDKROOT = iphoneos;
				SWIFT_COMPILATION_MODE = wholemodule;
				VALIDATE_PRODUCT = YES;
			};
			name = Release;
		};
		FF0000000000000000000003 /* Debug */ = {
			isa = XCBuildConfiguration;
			buildSettings = {
				ASSETCATALOG_COMPILER_APPICON_NAME = AppIcon;
				ASSETCATALOG_COMPILER_GLOBAL_ACCENT_COLOR_NAME = AccentColor;
				CODE_SIGN_STYLE = Automatic;
				CURRENT_PROJECT_VERSION = 1;
				DEVELOPMENT_TEAM = HZS67ZUBTE;
				GENERATE_INFOPLIST_FILE = NO;
				INFOPLIST_FILE = OneMinuteColor/Info.plist;
				IPHONEOS_DEPLOYMENT_TARGET = 17.0;
				LD_RUNPATH_SEARCH_PATHS = (
					"$(inherited)",
					"@executable_path/Frameworks",
				);
				MARKETING_VERSION = 1.0;
				PRODUCT_BUNDLE_IDENTIFIER = com.ramseykhalaf.oneminutecolor;
				PRODUCT_NAME = "$(TARGET_NAME)";
				SWIFT_EMIT_LOC_STRINGS = YES;
				SWIFT_VERSION = 5.0;
				TARGETED_DEVICE_FAMILY = "1,2";
			};
			name = Debug;
		};
		FF0000000000000000000004 /* Release */ = {
			isa = XCBuildConfiguration;
			buildSettings = {
				ASSETCATALOG_COMPILER_APPICON_NAME = AppIcon;
				ASSETCATALOG_COMPILER_GLOBAL_ACCENT_COLOR_NAME = AccentColor;
				CODE_SIGN_STYLE = Automatic;
				CURRENT_PROJECT_VERSION = 1;
				DEVELOPMENT_TEAM = HZS67ZUBTE;
				GENERATE_INFOPLIST_FILE = NO;
				INFOPLIST_FILE = OneMinuteColor/Info.plist;
				IPHONEOS_DEPLOYMENT_TARGET = 17.0;
				LD_RUNPATH_SEARCH_PATHS = (
					"$(inherited)",
					"@executable_path/Frameworks",
				);
				MARKETING_VERSION = 1.0;
				PRODUCT_BUNDLE_IDENTIFIER = com.ramseykhalaf.oneminutecolor;
				PRODUCT_NAME = "$(TARGET_NAME)";
				SWIFT_EMIT_LOC_STRINGS = YES;
				SWIFT_VERSION = 5.0;
				TARGETED_DEVICE_FAMILY = "1,2";
			};
			name = Release;
		};
		FF0000000000000000000005 /* Debug */ = {
			isa = XCBuildConfiguration;
			buildSettings = {
				APPLICATION_EXTENSION_API_ONLY = YES;
				CODE_SIGN_STYLE = Automatic;
				CURRENT_PROJECT_VERSION = 1;
				DEVELOPMENT_TEAM = HZS67ZUBTE;
				GENERATE_INFOPLIST_FILE = NO;
				INFOPLIST_FILE = OneMinuteColorControl/Info.plist;
				IPHONEOS_DEPLOYMENT_TARGET = 18.0;
				LD_RUNPATH_SEARCH_PATHS = (
					"$(inherited)",
					"@executable_path/Frameworks",
					"@executable_path/../../Frameworks",
				);
				MARKETING_VERSION = 1.0;
				PRODUCT_BUNDLE_IDENTIFIER = com.ramseykhalaf.oneminutecolor.control;
				PRODUCT_NAME = "$(TARGET_NAME)";
				SKIP_INSTALL = YES;
				SWIFT_EMIT_LOC_STRINGS = YES;
				SWIFT_VERSION = 5.0;
				TARGETED_DEVICE_FAMILY = "1,2";
			};
			name = Debug;
		};
		FF0000000000000000000006 /* Release */ = {
			isa = XCBuildConfiguration;
			buildSettings = {
				APPLICATION_EXTENSION_API_ONLY = YES;
				CODE_SIGN_STYLE = Automatic;
				CURRENT_PROJECT_VERSION = 1;
				DEVELOPMENT_TEAM = HZS67ZUBTE;
				GENERATE_INFOPLIST_FILE = NO;
				INFOPLIST_FILE = OneMinuteColorControl/Info.plist;
				IPHONEOS_DEPLOYMENT_TARGET = 18.0;
				LD_RUNPATH_SEARCH_PATHS = (
					"$(inherited)",
					"@executable_path/Frameworks",
					"@executable_path/../../Frameworks",
				);
				MARKETING_VERSION = 1.0;
				PRODUCT_BUNDLE_IDENTIFIER = com.ramseykhalaf.oneminutecolor.control;
				PRODUCT_NAME = "$(TARGET_NAME)";
				SKIP_INSTALL = YES;
				SWIFT_EMIT_LOC_STRINGS = YES;
				SWIFT_VERSION = 5.0;
				TARGETED_DEVICE_FAMILY = "1,2";
			};
			name = Release;
		};
/* End XCBuildConfiguration section */

/* Begin XCConfigurationList section */
		110000000000000000000001 /* Build configuration list for PBXProject "OneMinuteColor" */ = {
			isa = XCConfigurationList;
			buildConfigurations = (
				FF0000000000000000000001 /* Debug */,
				FF0000000000000000000002 /* Release */,
			);
			defaultConfigurationIsVisible = 0;
			defaultConfigurationName = Release;
		};
		110000000000000000000002 /* Build configuration list for PBXNativeTarget "OneMinuteColor" */ = {
			isa = XCConfigurationList;
			buildConfigurations = (
				FF0000000000000000000003 /* Debug */,
				FF0000000000000000000004 /* Release */,
			);
			defaultConfigurationIsVisible = 0;
			defaultConfigurationName = Release;
		};
		110000000000000000000003 /* Build configuration list for PBXNativeTarget "OneMinuteColorControl" */ = {
			isa = XCConfigurationList;
			buildConfigurations = (
				FF0000000000000000000005 /* Debug */,
				FF0000000000000000000006 /* Release */,
			);
			defaultConfigurationIsVisible = 0;
			defaultConfigurationName = Release;
		};
/* End XCConfigurationList section */
	};
	rootObject = EE0000000000000000000001 /* Project object */;
}
